
Microsoft Visual Studio Solution File, Format Version 12.00
# Visual Studio Version 16
VisualStudioVersion = 16.0.31515.178
MinimumVisualStudioVersion = 10.0.40219.1
Project("{FAE04EC0-301F-11D3-BF4B-00C04F79EFBC}") = "proyecto_login", "proyecto_login.csproj", "{A61AD457-4BFF-4E4A-ACF5-5172976D97A4}"
EndProject
Global
	GlobalSection(SolutionConfigurationPlatforms) = preSolution
		Debug|Any CPU = Debug|Any CPU
		Release|Any CPU = Release|Any CPU
	EndGlobalSection
	GlobalSection(ProjectConfigurationPlatforms) = postSolution
		{A61AD457-4BFF-4E4A-ACF5-5172976D97A4}.Debug|Any CPU.ActiveCfg = Debug|Any CPU
		{A61AD457-4BFF-4E4A-ACF5-5172976D97A4}.Debug|Any CPU.Build.0 = Debug|Any CPU
		{A61AD457-4BFF-4E4A-ACF5-5172976D97A4}.Release|Any CPU.ActiveCfg = Release|Any CPU
		{A61AD457-4BFF-4E4A-ACF5-5172976D97A4}.Release|Any CPU.Build.0 = Release|Any CPU
	EndGlobalSection
	GlobalSection(SolutionProperties) = preSolution
		HideSolutionNode = FALSE
	EndGlobalSection
	GlobalSection(ExtensibilityGlobals) = postSolution
		SolutionGuid = {8D329105-423D-475A-AA79-D524880536B2}
	EndGlobalSection
EndGlobal
